// !$*UTF8*$!
{
	archiveVersion = 1;
	classes = {
	};
	objectVersion = 51;
	objects = {

/* Begin PBXBuildFile section */
		79D7C3A889EF24655133E83D /* Pods_miCardAnimation.framework in Frameworks */ = {isa = PBXBuildFile; fileRef = FDBB7E78C3E5ED7BC3C07D62 /* Pods_miCardAnimation.framework */; };
		C0DAF540DA98BF619B2C669C /* Pods_miCardAnimationTests.framework in Frameworks */ = {isa = PBXBuildFile; fileRef = 163B0AACC622F209D5B24A75 /* Pods_miCardAnimationTests.framework */; };
		E4B5541EB1680F9F759104E2 /* Pods_miCardAnimation_miCardAnimationUITests.framework in Frameworks */ = {isa = PBXBuildFile; fileRef = 96BB08F6FA1EC68B5F629510 /* Pods_miCardAnimation_miCardAnimationUITests.framework */; };
		F92A944D25A559E300C1617A /* GIDSignInButton.xib in Resources */ = {isa = PBXBuildFile; fileRef = F92A944C25A559E300C1617A /* GIDSignInButton.xib */; };
		F92CEE94259C6BF900CDEF62 /* GoogleService-Info.plist in Resources */ = {isa = PBXBuildFile; fileRef = F92CEE93259C6BF900CDEF62 /* GoogleService-Info.plist */; };
		F92CEE96259C6EF500CDEF62 /* BViewController.swift in Sources */ = {isa = PBXBuildFile; fileRef = F92CEE95259C6EF500CDEF62 /* BViewController.swift */; };
		F962B765256F598F00E42CE3 /* AppDelegate.swift in Sources */ = {isa = PBXBuildFile; fileRef = F962B764256F598F00E42CE3 /* AppDelegate.swift */; };
		F962B767256F598F00E42CE3 /* SceneDelegate.swift in Sources */ = {isa = PBXBuildFile; fileRef = F962B766256F598F00E42CE3 /* SceneDelegate.swift */; };
		F962B769256F598F00E42CE3 /* ViewController.swift in Sources */ = {isa = PBXBuildFile; fileRef = F962B768256F598F00E42CE3 /* ViewController.swift */; };
		F962B76C256F598F00E42CE3 /* Main.storyboard in Resources */ = {isa = PBXBuildFile; fileRef = F962B76A256F598F00E42CE3 /* Main.storyboard */; };
		F962B76E256F599000E42CE3 /* Assets.xcassets in Resources */ = {isa = PBXBuildFile; fileRef = F962B76D256F599000E42CE3 /* Assets.xcassets */; };
		F962B771256F599000E42CE3 /* LaunchScreen.storyboard in Resources */ = {isa = PBXBuildFile; fileRef = F962B76F256F599000E42CE3 /* LaunchScreen.storyboard */; };
		F962B77C256F599100E42CE3 /* miCardAnimationTests.swift in Sources */ = {isa = PBXBuildFile; fileRef = F962B77B256F599100E42CE3 /* miCardAnimationTests.swift */; };
		F962B787256F599100E42CE3 /* miCardAnimationUITests.swift in Sources */ = {isa = PBXBuildFile; fileRef = F962B786256F599100E42CE3 /* miCardAnimationUITests.swift */; };
		F962B795256F5AAE00E42CE3 /* MiCardView.swift in Sources */ = {isa = PBXBuildFile; fileRef = F962B794256F5AAE00E42CE3 /* MiCardView.swift */; };
		F962B797256F5ABA00E42CE3 /* MiCardView.xib in Resources */ = {isa = PBXBuildFile; fileRef = F962B796256F5ABA00E42CE3 /* MiCardView.xib */; };
		F962B79D256F5D7800E42CE3 /* BundleUtility.swift in Sources */ = {isa = PBXBuildFile; fileRef = F962B79C256F5D7800E42CE3 /* BundleUtility.swift */; };
/* End PBXBuildFile section */

/* Begin PBXContainerItemProxy section */
		F962B778256F599100E42CE3 /* PBXContainerItemProxy */ = {
			isa = PBXContainerItemProxy;
			containerPortal = F962B759256F598F00E42CE3 /* Project object */;
			proxyType = 1;
			remoteGlobalIDString = F962B760256F598F00E42CE3;
			remoteInfo = miCardAnimation;
		};
		F962B783256F599100E42CE3 /* PBXContainerItemProxy */ = {
			isa = PBXContainerItemProxy;
			containerPortal = F962B759256F598F00E42CE3 /* Project object */;
			proxyType = 1;
			remoteGlobalIDString = F962B760256F598F00E42CE3;
			remoteInfo = miCardAnimation;
		};
/* End PBXContainerItemProxy section */

/* Begin PBXFileReference section */
		163B0AACC622F209D5B24A75 /* Pods_miCardAnimationTests.framework */ = {isa = PBXFileReference; explicitFileType = wrapper.framework; includeInIndex = 0; path = Pods_miCardAnimationTests.framework; sourceTree = BUILT_PRODUCTS_DIR; };
		30FD753C69AD98CFDF85F9A6 /* Pods-miCardAnimationTests.release.xcconfig */ = {isa = PBXFileReference; includeInIndex = 1; lastKnownFileType = text.xcconfig; name = "Pods-miCardAnimationTests.release.xcconfig"; path = "Target Support Files/Pods-miCardAnimationTests/Pods-miCardAnimationTests.release.xcconfig"; sourceTree = "<group>"; };
		32F227AF962417072392A493 /* Pods-miCardAnimation-miCardAnimationUITests.release.xcconfig */ = {isa = PBXFileReference; includeInIndex = 1; lastKnownFileType = text.xcconfig; name = "Pods-miCardAnimation-miCardAnimationUITests.release.xcconfig"; path = "Target Support Files/Pods-miCardAnimation-miCardAnimationUITests/Pods-miCardAnimation-miCardAnimationUITests.release.xcconfig"; sourceTree = "<group>"; };
		5CA8ED7A7D918F671A25B137 /* Pods-miCardAnimation.debug.xcconfig */ = {isa = PBXFileReference; includeInIndex = 1; lastKnownFileType = text.xcconfig; name = "Pods-miCardAnimation.debug.xcconfig"; path = "Target Support Files/Pods-miCardAnimation/Pods-miCardAnimation.debug.xcconfig"; sourceTree = "<group>"; };
		81BA1B34DCDE04F1A6084A38 /* Pods-miCardAnimationTests.debug.xcconfig */ = {isa = PBXFileReference; includeInIndex = 1; lastKnownFileType = text.xcconfig; name = "Pods-miCardAnimationTests.debug.xcconfig"; path = "Target Support Files/Pods-miCardAnimationTests/Pods-miCardAnimationTests.debug.xcconfig"; sourceTree = "<group>"; };
		96BB08F6FA1EC68B5F629510 /* Pods_miCardAnimation_miCardAnimationUITests.framework */ = {isa = PBXFileReference; explicitFileType = wrapper.framework; includeInIndex = 0; path = Pods_miCardAnimation_miCardAnimationUITests.framework; sourceTree = BUILT_PRODUCTS_DIR; };
		A36AA2521F2EE4B95CD18DA7 /* Pods-miCardAnimation.release.xcconfig */ = {isa = PBXFileReference; includeInIndex = 1; lastKnownFileType = text.xcconfig; name = "Pods-miCardAnimation.release.xcconfig"; path = "Target Support Files/Pods-miCardAnimation/Pods-miCardAnimation.release.xcconfig"; sourceTree = "<group>"; };
		F92A944C25A559E300C1617A /* GIDSignInButton.xib */ = {isa = PBXFileReference; lastKnownFileType = file.xib; path = GIDSignInButton.xib; sourceTree = "<group>"; };
		F92CEE93259C6BF900CDEF62 /* GoogleService-Info.plist */ = {isa = PBXFileReference; fileEncoding = 4; lastKnownFileType = text.plist.xml; path = "GoogleService-Info.plist"; sourceTree = "<group>"; };
		F92CEE95259C6EF500CDEF62 /* BViewController.swift */ = {isa = PBXFileReference; lastKnownFileType = sourcecode.swift; path = BViewController.swift; sourceTree = "<group>"; };
		F962B761256F598F00E42CE3 /* miCardAnimation.app */ = {isa = PBXFileReference; explicitFileType = wrapper.application; includeInIndex = 0; path = miCardAnimation.app; sourceTree = BUILT_PRODUCTS_DIR; };
		F962B764256F598F00E42CE3 /* AppDelegate.swift */ = {isa = PBXFileReference; lastKnownFileType = sourcecode.swift; path = AppDelegate.swift; sourceTree = "<group>"; };
		F962B766256F598F00E42CE3 /* SceneDelegate.swift */ = {isa = PBXFileReference; lastKnownFileType = sourcecode.swift; path = SceneDelegate.swift; sourceTree = "<group>"; };
		F962B768256F598F00E42CE3 /* ViewController.swift */ = {isa = PBXFileReference; lastKnownFileType = sourcecode.swift; path = ViewController.swift; sourceTree = "<group>"; };
		F962B76B256F598F00E42CE3 /* Base */ = {isa = PBXFileReference; lastKnownFileType = file.storyboard; name = Base; path = Base.lproj/Main.storyboard; sourceTree = "<group>"; };
		F962B76D256F599000E42CE3 /* Assets.xcassets */ = {isa = PBXFileReference; lastKnownFileType = folder.assetcatalog; path = Assets.xcassets; sourceTree = "<group>"; };
		F962B770256F599000E42CE3 /* Base */ = {isa = PBXFileReference; lastKnownFileType = file.storyboard; name = Base; path = Base.lproj/LaunchScreen.storyboard; sourceTree = "<group>"; };
		F962B772256F599000E42CE3 /* Info.plist */ = {isa = PBXFileReference; lastKnownFileType = text.plist.xml; path = Info.plist; sourceTree = "<group>"; };
		F962B777256F599100E42CE3 /* miCardAnimationTests.xctest */ = {isa = PBXFileReference; explicitFileType = wrapper.cfbundle; includeInIndex = 0; path = miCardAnimationTests.xctest; sourceTree = BUILT_PRODUCTS_DIR; };
		F962B77B256F599100E42CE3 /* miCardAnimationTests.swift */ = {isa = PBXFileReference; lastKnownFileType = sourcecode.swift; path = miCardAnimationTests.swift; sourceTree = "<group>"; };
		F962B77D256F599100E42CE3 /* Info.plist */ = {isa = PBXFileReference; lastKnownFileType = text.plist.xml; path = Info.plist; sourceTree = "<group>"; };
		F962B782256F599100E42CE3 /* miCardAnimationUITests.xctest */ = {isa = PBXFileReference; explicitFileType = wrapper.cfbundle; includeInIndex = 0; path = miCardAnimationUITests.xctest; sourceTree = BUILT_PRODUCTS_DIR; };
		F962B786256F599100E42CE3 /* miCardAnimationUITests.swift */ = {isa = PBXFileReference; lastKnownFileType = sourcecode.swift; path = miCardAnimationUITests.swift; sourceTree = "<group>"; };
		F962B788256F599100E42CE3 /* Info.plist */ = {isa = PBXFileReference; lastKnownFileType = text.plist.xml; path = Info.plist; sourceTree = "<group>"; };
		F962B794256F5AAE00E42CE3 /* MiCardView.swift */ = {isa = PBXFileReference; lastKnownFileType = sourcecode.swift; path = MiCardView.swift; sourceTree = "<group>"; };
		F962B796256F5ABA00E42CE3 /* MiCardView.xib */ = {isa = PBXFileReference; lastKnownFileType = file.xib; path = MiCardView.xib; sourceTree = "<group>"; };
		F962B79C256F5D7800E42CE3 /* BundleUtility.swift */ = {isa = PBXFileReference; lastKnownFileType = sourcecode.swift; path = BundleUtility.swift; sourceTree = "<group>"; };
		FCD86C159A74F0176B95EB22 /* Pods-miCardAnimation-miCardAnimationUITests.debug.xcconfig */ = {isa = PBXFileReference; includeInIndex = 1; lastKnownFileType = text.xcconfig; name = "Pods-miCardAnimation-miCardAnimationUITests.debug.xcconfig"; path = "Target Support Files/Pods-miCardAnimation-miCardAnimationUITests/Pods-miCardAnimation-miCardAnimationUITests.debug.xcconfig"; sourceTree = "<group>"; };
		FDBB7E78C3E5ED7BC3C07D62 /* Pods_miCardAnimation.framework */ = {isa = PBXFileReference; explicitFileType = wrapper.framework; includeInIndex = 0; path = Pods_miCardAnimation.framework; sourceTree = BUILT_PRODUCTS_DIR; };
/* End PBXFileReference section */

/* Begin PBXFrameworksBuildPhase section */
		F962B75E256F598F00E42CE3 /* Frameworks */ = {
			isa = PBXFrameworksBuildPhase;
			buildActionMask = 2147483647;
			files = (
				79D7C3A889EF24655133E83D /* Pods_miCardAnimation.framework in Frameworks */,
			);
			runOnlyForDeploymentPostprocessing = 0;
		};
		F962B774256F599100E42CE3 /* Frameworks */ = {
			isa = PBXFrameworksBuildPhase;
			buildActionMask = 2147483647;
			files = (
				C0DAF540DA98BF619B2C669C /* Pods_miCardAnimationTests.framework in Frameworks */,
			);
			runOnlyForDeploymentPostprocessing = 0;
		};
		F962B77F256F599100E42CE3 /* Frameworks */ = {
			isa = PBXFrameworksBuildPhase;
			buildActionMask = 2147483647;
			files = (
				E4B5541EB1680F9F759104E2 /* Pods_miCardAnimation_miCardAnimationUITests.framework in Frameworks */,
			);
			runOnlyForDeploymentPostprocessing = 0;
		};
/* End PBXFrameworksBuildPhase section */

/* Begin PBXGroup section */
		4EE3FF256BE22CC9FF114320 /* Pods */ = {
			isa = PBXGroup;
			children = (
				5CA8ED7A7D918F671A25B137 /* Pods-miCardAnimation.debug.xcconfig */,
				A36AA2521F2EE4B95CD18DA7 /* Pods-miCardAnimation.release.xcconfig */,
				FCD86C159A74F0176B95EB22 /* Pods-miCardAnimation-miCardAnimationUITests.debug.xcconfig */,
				32F227AF962417072392A493 /* Pods-miCardAnimation-miCardAnimationUITests.release.xcconfig */,
				81BA1B34DCDE04F1A6084A38 /* Pods-miCardAnimationTests.debug.xcconfig */,
				30FD753C69AD98CFDF85F9A6 /* Pods-miCardAnimationTests.release.xcconfig */,
			);
			path = Pods;
			sourceTree = "<group>";
		};
		F962B758256F598F00E42CE3 = {
			isa = PBXGroup;
			children = (
				F962B763256F598F00E42CE3 /* miCardAnimation */,
				F962B77A256F599100E42CE3 /* miCardAnimationTests */,
				F962B785256F599100E42CE3 /* miCardAnimationUITests */,
				F962B762256F598F00E42CE3 /* Products */,
				4EE3FF256BE22CC9FF114320 /* Pods */,
				FEC87172477CB77E1E0BF8CB /* Frameworks */,
			);
			sourceTree = "<group>";
		};
		F962B762256F598F00E42CE3 /* Products */ = {
			isa = PBXGroup;
			children = (
				F962B761256F598F00E42CE3 /* miCardAnimation.app */,
				F962B777256F599100E42CE3 /* miCardAnimationTests.xctest */,
				F962B782256F599100E42CE3 /* miCardAnimationUITests.xctest */,
			);
			name = Products;
			sourceTree = "<group>";
		};
		F962B763256F598F00E42CE3 /* miCardAnimation */ = {
			isa = PBXGroup;
			children = (
				F962B764256F598F00E42CE3 /* AppDelegate.swift */,
				F962B766256F598F00E42CE3 /* SceneDelegate.swift */,
				F962B768256F598F00E42CE3 /* ViewController.swift */,
				F962B76A256F598F00E42CE3 /* Main.storyboard */,
				F962B76D256F599000E42CE3 /* Assets.xcassets */,
				F962B772256F599000E42CE3 /* Info.plist */,
				F962B794256F5AAE00E42CE3 /* MiCardView.swift */,
				F962B796256F5ABA00E42CE3 /* MiCardView.xib */,
				F962B79C256F5D7800E42CE3 /* BundleUtility.swift */,
				F92CEE93259C6BF900CDEF62 /* GoogleService-Info.plist */,
				F962B76F256F599000E42CE3 /* LaunchScreen.storyboard */,
				F92CEE95259C6EF500CDEF62 /* BViewController.swift */,
				F92A944C25A559E300C1617A /* GIDSignInButton.xib */,
			);
			path = miCardAnimation;
			sourceTree = "<group>";
		};
		F962B77A256F599100E42CE3 /* miCardAnimationTests */ = {
			isa = PBXGroup;
			children = (
				F962B77B256F599100E42CE3 /* miCardAnimationTests.swift */,
				F962B77D256F599100E42CE3 /* Info.plist */,
			);
			path = miCardAnimationTests;
			sourceTree = "<group>";
		};
		F962B785256F599100E42CE3 /* miCardAnimationUITests */ = {
			isa = PBXGroup;
			children = (
				F962B786256F599100E42CE3 /* miCardAnimationUITests.swift */,
				F962B788256F599100E42CE3 /* Info.plist */,
			);
			path = miCardAnimationUITests;
			sourceTree = "<group>";
		};
		FEC87172477CB77E1E0BF8CB /* Frameworks */ = {
			isa = PBXGroup;
			children = (
				FDBB7E78C3E5ED7BC3C07D62 /* Pods_miCardAnimation.framework */,
				96BB08F6FA1EC68B5F629510 /* Pods_miCardAnimation_miCardAnimationUITests.framework */,
				163B0AACC622F209D5B24A75 /* Pods_miCardAnimationTests.framework */,
			);
			name = Frameworks;
			sourceTree = "<group>";
		};
/* End PBXGroup section */

/* Begin PBXNativeTarget section */
		F962B760256F598F00E42CE3 /* miCardAnimation */ = {
			isa = PBXNativeTarget;
			buildConfigurationList = F962B78B256F599100E42CE3 /* Build configuration list for PBXNativeTarget "miCardAnimation" */;
			buildPhases = (
				FD14BB29C2E5CB156C52FF88 /* [CP] Check Pods Manifest.lock */,
				F962B75D256F598F00E42CE3 /* Sources */,
				F962B75E256F598F00E42CE3 /* Frameworks */,
				F962B75F256F598F00E42CE3 /* Resources */,
				530D320AC8C048A458581D1B /* [CP] Embed Pods Frameworks */,
				98BE0D704E74DA0BF7B07A0F /* [CP] Copy Pods Resources */,
			);
			buildRules = (
			);
			dependencies = (
			);
			name = miCardAnimation;
			productName = miCardAnimation;
			productReference = F962B761256F598F00E42CE3 /* miCardAnimation.app */;
			productType = "com.apple.product-type.application";
		};
		F962B776256F599100E42CE3 /* miCardAnimationTests */ = {
			isa = PBXNativeTarget;
			buildConfigurationList = F962B78E256F599100E42CE3 /* Build configuration list for PBXNativeTarget "miCardAnimationTests" */;
			buildPhases = (
				3028E615EAFEF64B9559DDF3 /* [CP] Check Pods Manifest.lock */,
				F962B773256F599100E42CE3 /* Sources */,
				F962B774256F599100E42CE3 /* Frameworks */,
				F962B775256F599100E42CE3 /* Resources */,
			);
			buildRules = (
			);
			dependencies = (
				F962B779256F599100E42CE3 /* PBXTargetDependency */,
			);
			name = miCardAnimationTests;
			productName = miCardAnimationTests;
			productReference = F962B777256F599100E42CE3 /* miCardAnimationTests.xctest */;
			productType = "com.apple.product-type.bundle.unit-test";
		};
		F962B781256F599100E42CE3 /* miCardAnimationUITests */ = {
			isa = PBXNativeTarget;
			buildConfigurationList = F962B791256F599100E42CE3 /* Build configuration list for PBXNativeTarget "miCardAnimationUITests" */;
			buildPhases = (
				FECC13B45821EAB390371B8D /* [CP] Check Pods Manifest.lock */,
				F962B77E256F599100E42CE3 /* Sources */,
				F962B77F256F599100E42CE3 /* Frameworks */,
				F962B780256F599100E42CE3 /* Resources */,
				D82692CCB0531C152365D95B /* [CP] Embed Pods Frameworks */,
				8FC51E55BA29C839D3ABC9C0 /* [CP] Copy Pods Resources */,
			);
			buildRules = (
			);
			dependencies = (
				F962B784256F599100E42CE3 /* PBXTargetDependency */,
			);
			name = miCardAnimationUITests;
			productName = miCardAnimationUITests;
			productReference = F962B782256F599100E42CE3 /* miCardAnimationUITests.xctest */;
			productType = "com.apple.product-type.bundle.ui-testing";
		};
/* End PBXNativeTarget section */

/* Begin PBXProject section */
		F962B759256F598F00E42CE3 /* Project object */ = {
			isa = PBXProject;
			attributes = {
				LastSwiftUpdateCheck = 1170;
				LastUpgradeCheck = 1170;
				ORGANIZATIONNAME = Sara_Yang;
				TargetAttributes = {
					F962B760256F598F00E42CE3 = {
						CreatedOnToolsVersion = 11.7;
					};
					F962B776256F599100E42CE3 = {
						CreatedOnToolsVersion = 11.7;
						TestTargetID = F962B760256F598F00E42CE3;
					};
					F962B781256F599100E42CE3 = {
						CreatedOnToolsVersion = 11.7;
						TestTargetID = F962B760256F598F00E42CE3;
					};
				};
			};
			buildConfigurationList = F962B75C256F598F00E42CE3 /* Build configuration list for PBXProject "miCardAnimation" */;
			compatibilityVersion = "Xcode 9.3";
			developmentRegion = en;
			hasScannedForEncodings = 0;
			knownRegions = (
				en,
				Base,
			);
			mainGroup = F962B758256F598F00E42CE3;
			productRefGroup = F962B762256F598F00E42CE3 /* Products */;
			projectDirPath = "";
			projectRoot = "";
			targets = (
				F962B760256F598F00E42CE3 /* miCardAnimation */,
				F962B776256F599100E42CE3 /* miCardAnimationTests */,
				F962B781256F599100E42CE3 /* miCardAnimationUITests */,
			);
		};
/* End PBXProject section */

/* Begin PBXResourcesBuildPhase section */
		F962B75F256F598F00E42CE3 /* Resources */ = {
			isa = PBXResourcesBuildPhase;
			buildActionMask = 2147483647;
			files = (
				F92A944D25A559E300C1617A /* GIDSignInButton.xib in Resources */,
				F962B771256F599000E42CE3 /* LaunchScreen.storyboard in Resources */,
				F962B76E256F599000E42CE3 /* Assets.xcassets in Resources */,
				F92CEE94259C6BF900CDEF62 /* GoogleService-Info.plist in Resources */,
				F962B797256F5ABA00E42CE3 /* MiCardView.xib in Resources */,
				F962B76C256F598F00E42CE3 /* Main.storyboard in Resources */,
			);
			runOnlyForDeploymentPostprocessing = 0;
		};
		F962B775256F599100E42CE3 /* Resources */ = {
			isa = PBXResourcesBuildPhase;
			buildActionMask = 2147483647;
			files = (
			);
			runOnlyForDeploymentPostprocessing = 0;
		};
		F962B780256F599100E42CE3 /* Resources */ = {
			isa = PBXResourcesBuildPhase;
			buildActionMask = 2147483647;
			files = (
			);
			runOnlyForDeploymentPostprocessing = 0;
		};
/* End PBXResourcesBuildPhase section */

/* Begin PBXShellScriptBuildPhase section */
		3028E615EAFEF64B9559DDF3 /* [CP] Check Pods Manifest.lock */ = {
			isa = PBXShellScriptBuildPhase;
			buildActionMask = 2147483647;
			files = (
			);
			inputFileListPaths = (
			);
			inputPaths = (
				"${PODS_PODFILE_DIR_PATH}/Podfile.lock",
				"${PODS_ROOT}/Manifest.lock",
			);
			name = "[CP] Check Pods Manifest.lock";
			outputFileListPaths = (
			);
			outputPaths = (
				"$(DERIVED_FILE_DIR)/Pods-miCardAnimationTests-checkManifestLockResult.txt",
			);
			runOnlyForDeploymentPostprocessing = 0;
			shellPath = /bin/sh;
			shellScript = "diff \"${PODS_PODFILE_DIR_PATH}/Podfile.lock\" \"${PODS_ROOT}/Manifest.lock\" > /dev/null\nif [ $? != 0 ] ; then\n    # print error to STDERR\n    echo \"error: The sandbox is not in sync with the Podfile.lock. Run 'pod install' or update your CocoaPods installation.\" >&2\n    exit 1\nfi\n# This output is used by Xcode 'outputs' to avoid re-running this script phase.\necho \"SUCCESS\" > \"${SCRIPT_OUTPUT_FILE_0}\"\n";
			showEnvVarsInLog = 0;
		};
		530D320AC8C048A458581D1B /* [CP] Embed Pods Frameworks */ = {
			isa = PBXShellScriptBuildPhase;
			buildActionMask = 2147483647;
			files = (
			);
			inputFileListPaths = (
				"${PODS_ROOT}/Target Support Files/Pods-miCardAnimation/Pods-miCardAnimation-frameworks-${CONFIGURATION}-input-files.xcfilelist",
			);
			name = "[CP] Embed Pods Frameworks";
			outputFileListPaths = (
				"${PODS_ROOT}/Target Support Files/Pods-miCardAnimation/Pods-miCardAnimation-frameworks-${CONFIGURATION}-output-files.xcfilelist",
			);
			runOnlyForDeploymentPostprocessing = 0;
			shellPath = /bin/sh;
			shellScript = "\"${PODS_ROOT}/Target Support Files/Pods-miCardAnimation/Pods-miCardAnimation-frameworks.sh\"\n";
			showEnvVarsInLog = 0;
		};
		8FC51E55BA29C839D3ABC9C0 /* [CP] Copy Pods Resources */ = {
			isa = PBXShellScriptBuildPhase;
			buildActionMask = 2147483647;
			files = (
			);
			inputFileListPaths = (
				"${PODS_ROOT}/Target Support Files/Pods-miCardAnimation-miCardAnimationUITests/Pods-miCardAnimation-miCardAnimationUITests-resources-${CONFIGURATION}-input-files.xcfilelist",
			);
			name = "[CP] Copy Pods Resources";
			outputFileListPaths = (
				"${PODS_ROOT}/Target Support Files/Pods-miCardAnimation-miCardAnimationUITests/Pods-miCardAnimation-miCardAnimationUITests-resources-${CONFIGURATION}-output-files.xcfilelist",
			);
			runOnlyForDeploymentPostprocessing = 0;
			shellPath = /bin/sh;
			shellScript = "\"${PODS_ROOT}/Target Support Files/Pods-miCardAnimation-miCardAnimationUITests/Pods-miCardAnimation-miCardAnimationUITests-resources.sh\"\n";
			showEnvVarsInLog = 0;
		};
		98BE0D704E74DA0BF7B07A0F /* [CP] Copy Pods Resources */ = {
			isa = PBXShellScriptBuildPhase;
			buildActionMask = 2147483647;
			files = (
			);
			inputFileListPaths = (
				"${PODS_ROOT}/Target Support Files/Pods-miCardAnimation/Pods-miCardAnimation-resources-${CONFIGURATION}-input-files.xcfilelist",
			);
			name = "[CP] Copy Pods Resources";
			outputFileListPaths = (
				"${PODS_ROOT}/Target Support Files/Pods-miCardAnimation/Pods-miCardAnimation-resources-${CONFIGURATION}-output-files.xcfilelist",
			);
			runOnlyForDeploymentPostprocessing = 0;
			shellPath = /bin/sh;
			shellScript = "\"${PODS_ROOT}/Target Support Files/Pods-miCardAnimation/Pods-miCardAnimation-resources.sh\"\n";
			showEnvVarsInLog = 0;
		};
		D82692CCB0531C152365D95B /* [CP] Embed Pods Frameworks */ = {
			isa = PBXShellScriptBuildPhase;
			buildActionMask = 2147483647;
			files = (
			);
			inputFileListPaths = (
				"${PODS_ROOT}/Target Support Files/Pods-miCardAnimation-miCardAnimationUITests/Pods-miCardAnimation-miCardAnimationUITests-frameworks-${CONFIGURATION}-input-files.xcfilelist",
			);
			name = "[CP] Embed Pods Frameworks";
			outputFileListPaths = (
				"${PODS_ROOT}/Target Support Files/Pods-miCardAnimation-miCardAnimationUITests/Pods-miCardAnimation-miCardAnimationUITests-frameworks-${CONFIGURATION}-output-files.xcfilelist",
			);
			runOnlyForDeploymentPostprocessing = 0;
			shellPath = /bin/sh;
			shellScript = "\"${PODS_ROOT}/Target Support Files/Pods-miCardAnimation-miCardAnimationUITests/Pods-miCardAnimation-miCardAnimationUITests-frameworks.sh\"\n";
			showEnvVarsInLog = 0;
		};
		FD14BB29C2E5CB156C52FF88 /* [CP] Check Pods Manifest.lock */ = {
			isa = PBXShellScriptBuildPhase;
			buildActionMask = 2147483647;
			files = (
			);
			inputFileListPaths = (
			);
			inputPaths = (
				"${PODS_PODFILE_DIR_PATH}/Podfile.lock",
				"${PODS_ROOT}/Manifest.lock",
			);
			name = "[CP] Check Pods Manifest.lock";
			outputFileListPaths = (
			);
			outputPaths = (
				"$(DERIVED_FILE_DIR)/Pods-miCardAnimation-checkManifestLockResult.txt",
			);
			runOnlyForDeploymentPostprocessing = 0;
			shellPath = /bin/sh;
			shellScript = "diff \"${PODS_PODFILE_DIR_PATH}/Podfile.lock\" \"${PODS_ROOT}/Manifest.lock\" > /dev/null\nif [ $? != 0 ] ; then\n    # print error to STDERR\n    echo \"error: The sandbox is not in sync with the Podfile.lock. Run 'pod install' or update your CocoaPods installation.\" >&2\n    exit 1\nfi\n# This output is used by Xcode 'outputs' to avoid re-running this script phase.\necho \"SUCCESS\" > \"${SCRIPT_OUTPUT_FILE_0}\"\n";
			showEnvVarsInLog = 0;
		};
		FECC13B45821EAB390371B8D /* [CP] Check Pods Manifest.lock */ = {
			isa = PBXShellScriptBuildPhase;
			buildActionMask = 2147483647;
			files = (
			);
			inputFileListPaths = (
			);
			inputPaths = (
				"${PODS_PODFILE_DIR_PATH}/Podfile.lock",
				"${PODS_ROOT}/Manifest.lock",
			);
			name = "[CP] Check Pods Manifest.lock";
			outputFileListPaths = (
			);
			outputPaths = (
				"$(DERIVED_FILE_DIR)/Pods-miCardAnimation-miCardAnimationUITests-checkManifestLockResult.txt",
			);
			runOnlyForDeploymentPostprocessing = 0;
			shellPath = /bin/sh;
			shellScript = "diff \"${PODS_PODFILE_DIR_PATH}/Podfile.lock\" \"${PODS_ROOT}/Manifest.lock\" > /dev/null\nif [ $? != 0 ] ; then\n    # print error to STDERR\n    echo \"error: The sandbox is not in sync with the Podfile.lock. Run 'pod install' or update your CocoaPods installation.\" >&2\n    exit 1\nfi\n# This output is used by Xcode 'outputs' to avoid re-running this script phase.\necho \"SUCCESS\" > \"${SCRIPT_OUTPUT_FILE_0}\"\n";
			showEnvVarsInLog = 0;
		};
/* End PBXShellScriptBuildPhase section */

/* Begin PBXSourcesBuildPhase section */
		F962B75D256F598F00E42CE3 /* Sources */ = {
			isa = PBXSourcesBuildPhase;
			buildActionMask = 2147483647;
			files = (
				F962B769256F598F00E42CE3 /* ViewController.swift in Sources */,
				F92CEE96259C6EF500CDEF62 /* BViewController.swift in Sources */,
				F962B79D256F5D7800E42CE3 /* BundleUtility.swift in Sources */,
				F962B765256F598F00E42CE3 /* AppDelegate.swift in Sources */,
				F962B795256F5AAE00E42CE3 /* MiCardView.swift in Sources */,
				F962B767256F598F00E42CE3 /* SceneDelegate.swift in Sources */,
			);
			runOnlyForDeploymentPostprocessing = 0;
		};
		F962B773256F599100E42CE3 /* Sources */ = {
			isa = PBXSourcesBuildPhase;
			buildActionMask = 2147483647;
			files = (
				F962B77C256F599100E42CE3 /* miCardAnimationTests.swift in Sources */,
			);
			runOnlyForDeploymentPostprocessing = 0;
		};
		F962B77E256F599100E42CE3 /* Sources */ = {
			isa = PBXSourcesBuildPhase;
			buildActionMask = 2147483647;
			files = (
				F962B787256F599100E42CE3 /* miCardAnimationUITests.swift in Sources */,
			);
			runOnlyForDeploymentPostprocessing = 0;
		};
/* End PBXSourcesBuildPhase section */

/* Begin PBXTargetDependency section */
		F962B779256F599100E42CE3 /* PBXTargetDependency */ = {
			isa = PBXTargetDependency;
			target = F962B760256F598F00E42CE3 /* miCardAnimation */;
			targetProxy = F962B778256F599100E42CE3 /* PBXContainerItemProxy */;
		};
		F962B784256F599100E42CE3 /* PBXTargetDependency */ = {
			isa = PBXTargetDependency;
			target = F962B760256F598F00E42CE3 /* miCardAnimation */;
			targetProxy = F962B783256F599100E42CE3 /* PBXContainerItemProxy */;
		};
/* End PBXTargetDependency section */

/* Begin PBXVariantGroup section */
		F962B76A256F598F00E42CE3 /* Main.storyboard */ = {
			isa = PBXVariantGroup;
			children = (
				F962B76B256F598F00E42CE3 /* Base */,
			);
			name = Main.storyboard;
			sourceTree = "<group>";
		};
		F962B76F256F599000E42CE3 /* LaunchScreen.storyboard */ = {
			isa = PBXVariantGroup;
			children = (
				F962B770256F599000E42CE3 /* Base */,
			);
			name = LaunchScreen.storyboard;
			sourceTree = "<group>";
		};
/* End PBXVariantGroup section */

/* Begin XCBuildConfiguration section */
		F962B789256F599100E42CE3 /* Debug */ = {
			isa = XCBuildConfiguration;
			buildSettings = {
				ALWAYS_SEARCH_USER_PATHS = NO;
				CLANG_ANALYZER_NONNULL = YES;
				CLANG_ANALYZER_NUMBER_OBJECT_CONVERSION = YES_AGGRESSIVE;
				CLANG_CXX_LANGUAGE_STANDARD = "gnu++14";
				CLANG_CXX_LIBRARY = "libc++";
				CLANG_ENABLE_MODULES = YES;
				CLANG_ENABLE_OBJC_ARC = YES;
				CLANG_ENABLE_OBJC_WEAK = YES;
				CLANG_WARN_BLOCK_CAPTURE_AUTORELEASING = YES;
				CLANG_WARN_BOOL_CONVERSION = YES;
				CLANG_WARN_COMMA = YES;
				CLANG_WARN_CONSTANT_CONVERSION = YES;
				CLANG_WARN_DEPRECATED_OBJC_IMPLEMENTATIONS = YES;
				CLANG_WARN_DIRECT_OBJC_ISA_USAGE = YES_ERROR;
				CLANG_WARN_DOCUMENTATION_COMMENTS = YES;
				CLANG_WARN_EMPTY_BODY = YES;
				CLANG_WARN_ENUM_CONVERSION = YES;
				CLANG_WARN_INFINITE_RECURSION = YES;
				CLANG_WARN_INT_CONVERSION = YES;
				CLANG_WARN_NON_LITERAL_NULL_CONVERSION = YES;
				CLANG_WARN_OBJC_IMPLICIT_RETAIN_SELF = YES;
				CLANG_WARN_OBJC_LITERAL_CONVERSION = YES;
				CLANG_WARN_OBJC_ROOT_CLASS = YES_ERROR;
				CLANG_WARN_RANGE_LOOP_ANALYSIS = YES;
				CLANG_WARN_STRICT_PROTOTYPES = YES;
				CLANG_WARN_SUSPICIOUS_MOVE = YES;
				CLANG_WARN_UNGUARDED_AVAILABILITY = YES_AGGRESSIVE;
				CLANG_WARN_UNREACHABLE_CODE = YES;
				CLANG_WARN__DUPLICATE_METHOD_MATCH = YES;
				COPY_PHASE_STRIP = NO;
				DEBUG_INFORMATION_FORMAT = dwarf;
				ENABLE_STRICT_OBJC_MSGSEND = YES;
				ENABLE_TESTABILITY = YES;
				GCC_C_LANGUAGE_STANDARD = gnu11;
				GCC_DYNAMIC_NO_PIC = NO;
				GCC_NO_COMMON_BLOCKS = YES;
				GCC_OPTIMIZATION_LEVEL = 0;
				GCC_PREPROCESSOR_DEFINITIONS = (
					"DEBUG=1",
					"$(inherited)",
				);
				GCC_WARN_64_TO_32_BIT_CONVERSION = YES;
				GCC_WARN_ABOUT_RETURN_TYPE = YES_ERROR;
				GCC_WARN_UNDECLARED_SELECTOR = YES;
				GCC_WARN_UNINITIALIZED_AUTOS = YES_AGGRESSIVE;
				GCC_WARN_UNUSED_FUNCTION = YES;
				GCC_WARN_UNUSED_VARIABLE = YES;
				IPHONEOS_DEPLOYMENT_TARGET = 13.7;
				MTL_ENABLE_DEBUG_INFO = INCLUDE_SOURCE;
				MTL_FAST_MATH = YES;
				ONLY_ACTIVE_ARCH = YES;
				SDKROOT = iphoneos;
				SWIFT_ACTIVE_COMPILATION_CONDITIONS = DEBUG;
				SWIFT_OPTIMIZATION_LEVEL = "-Onone";
			};
			name = Debug;
		};
		F962B78A256F599100E42CE3 /* Release */ = {
			isa = XCBuildConfiguration;
			buildSettings = {
				ALWAYS_SEARCH_USER_PATHS = NO;
				CLANG_ANALYZER_NONNULL = YES;
				CLANG_ANALYZER_NUMBER_OBJECT_CONVERSION = YES_AGGRESSIVE;
				CLANG_CXX_LANGUAGE_STANDARD = "gnu++14";
				CLANG_CXX_LIBRARY = "libc++";
				CLANG_ENABLE_MODULES = YES;
				CLANG_ENABLE_OBJC_ARC = YES;
				CLANG_ENABLE_OBJC_WEAK = YES;
				CLANG_WARN_BLOCK_CAPTURE_AUTORELEASING = YES;
				CLANG_WARN_BOOL_CONVERSION = YES;
				CLANG_WARN_COMMA = YES;
				CLANG_WARN_CONSTANT_CONVERSION = YES;
				CLANG_WARN_DEPRECATED_OBJC_IMPLEMENTATIONS = YES;
				CLANG_WARN_DIRECT_OBJC_ISA_USAGE = YES_ERROR;
				CLANG_WARN_DOCUMENTATION_COMMENTS = YES;
				CLANG_WARN_EMPTY_BODY = YES;
				CLANG_WARN_ENUM_CONVERSION = YES;
				CLANG_WARN_INFINITE_RECURSION = YES;
				CLANG_WARN_INT_CONVERSION = YES;
				CLANG_WARN_NON_LITERAL_NULL_CONVERSION = YES;
				CLANG_WARN_OBJC_IMPLICIT_RETAIN_SELF = YES;
				CLANG_WARN_OBJC_LITERAL_CONVERSION = YES;
				CLANG_WARN_OBJC_ROOT_CLASS = YES_ERROR;
				CLANG_WARN_RANGE_LOOP_ANALYSIS = YES;
				CLANG_WARN_STRICT_PROTOTYPES = YES;
				CLANG_WARN_SUSPICIOUS_MOVE = YES;
				CLANG_WARN_UNGUARDED_AVAILABILITY = YES_AGGRESSIVE;
				CLANG_WARN_UNREACHABLE_CODE = YES;
				CLANG_WARN__DUPLICATE_METHOD_MATCH = YES;
				COPY_PHASE_STRIP = NO;
				DEBUG_INFORMATION_FORMAT = "dwarf-with-dsym";
				ENABLE_NS_ASSERTIONS = NO;
				ENABLE_STRICT_OBJC_MSGSEND = YES;
				GCC_C_LANGUAGE_STANDARD = gnu11;
				GCC_NO_COMMON_BLOCKS = YES;
				GCC_WARN_64_TO_32_BIT_CONVERSION = YES;
				GCC_WARN_ABOUT_RETURN_TYPE = YES_ERROR;
				GCC_WARN_UNDECLARED_SELECTOR = YES;
				GCC_WARN_UNINITIALIZED_AUTOS = YES_AGGRESSIVE;
				GCC_WARN_UNUSED_FUNCTION = YES;
				GCC_WARN_UNUSED_VARIABLE = YES;
				IPHONEOS_DEPLOYMENT_TARGET = 13.7;
				MTL_ENABLE_DEBUG_INFO = NO;
				MTL_FAST_MATH = YES;
				SDKROOT = iphoneos;
				SWIFT_COMPILATION_MODE = wholemodule;
				SWIFT_OPTIMIZATION_LEVEL = "-O";
				VALIDATE_PRODUCT = YES;
			};
			name = Release;
		};
		F962B78C256F599100E42CE3 /* Debug */ = {
			isa = XCBuildConfiguration;
			baseConfigurationReference = 5CA8ED7A7D918F671A25B137 /* Pods-miCardAnimation.debug.xcconfig */;
			buildSettings = {
				ASSETCATALOG_COMPILER_APPICON_NAME = AppIcon;
				CODE_SIGN_IDENTITY = "Apple Development";
				CODE_SIGN_STYLE = Automatic;
				DEVELOPMENT_TEAM = 7YRP2N79T8;
				INFOPLIST_FILE = miCardAnimation/Info.plist;
				LD_RUNPATH_SEARCH_PATHS = (
					"$(inherited)",
					"@executable_path/Frameworks",
				);
				PRODUCT_BUNDLE_IDENTIFIER = sara123.miCardAnimation;
				PRODUCT_NAME = "$(TARGET_NAME)";
				PROVISIONING_PROFILE_SPECIFIER = "";
				SWIFT_VERSION = 5.0;
				TARGETED_DEVICE_FAMILY = "1,2";
				USER_HEADER_SEARCH_PATHS = "$(PODS_ROOT)/**";
			};
			name = Debug;
		};
		F962B78D256F599100E42CE3 /* Release */ = {
			isa = XCBuildConfiguration;
			baseConfigurationReference = A36AA2521F2EE4B95CD18DA7 /* Pods-miCardAnimation.release.xcconfig */;
			buildSettings = {
				ASSETCATALOG_COMPILER_APPICON_NAME = AppIcon;
				CODE_SIGN_IDENTITY = "Apple Development";
				CODE_SIGN_STYLE = Automatic;
				DEVELOPMENT_TEAM = 7YRP2N79T8;
				INFOPLIST_FILE = miCardAnimation/Info.plist;
				LD_RUNPATH_SEARCH_PATHS = (
					"$(inherited)",
					"@executable_path/Frameworks",
				);
				PRODUCT_BUNDLE_IDENTIFIER = sara123.miCardAnimation;
				PRODUCT_NAME = "$(TARGET_NAME)";
				PROVISIONING_PROFILE_SPECIFIER = "";
				SWIFT_VERSION = 5.0;
				TARGETED_DEVICE_FAMILY = "1,2";
				USER_HEADER_SEARCH_PATHS = "$(PODS_ROOT)/**";
			};
			name = Release;
		};
		F962B78F256F599100E42CE3 /* Debug */ = {
			isa = XCBuildConfiguration;
			baseConfigurationReference = 81BA1B34DCDE04F1A6084A38 /* Pods-miCardAnimationTests.debug.xcconfig */;
			buildSettings = {
				ALWAYS_EMBED_SWIFT_STANDARD_LIBRARIES = YES;
				BUNDLE_LOADER = "$(TEST_HOST)";
				CODE_SIGN_STYLE = Automatic;
				DEVELOPMENT_TEAM = 7YRP2N79T8;
				INFOPLIST_FILE = miCardAnimationTests/Info.plist;
				IPHONEOS_DEPLOYMENT_TARGET = 13.7;
				LD_RUNPATH_SEARCH_PATHS = (
					"$(inherited)",
					"@executable_path/Frameworks",
					"@loader_path/Frameworks",
				);
				PRODUCT_BUNDLE_IDENTIFIER = sara123.miCardAnimationTests;
				PRODUCT_NAME = "$(TARGET_NAME)";
				SWIFT_VERSION = 5.0;
				TARGETED_DEVICE_FAMILY = "1,2";
				TEST_HOST = "$(BUILT_PRODUCTS_DIR)/miCardAnimation.app/miCardAnimation";
			};
			name = Debug;
		};
		F962B790256F599100E42CE3 /* Release */ = {
			isa = XCBuildConfiguration;
			baseConfigurationReference = 30FD753C69AD98CFDF85F9A6 /* Pods-miCardAnimationTests.release.xcconfig */;
			buildSettings = {
				ALWAYS_EMBED_SWIFT_STANDARD_LIBRARIES = YES;
				BUNDLE_LOADER = "$(TEST_HOST)";
				CODE_SIGN_STYLE = Automatic;
				DEVELOPMENT_TEAM = 7YRP2N79T8;
				INFOPLIST_FILE = miCardAnimationTests/Info.plist;
				IPHONEOS_DEPLOYMENT_TARGET = 13.7;
				LD_RUNPATH_SEARCH_PATHS = (
					"$(inherited)",
					"@executable_path/Frameworks",
					"@loader_path/Frameworks",
				);
				PRODUCT_BUNDLE_IDENTIFIER = sara123.miCardAnimationTests;
				PRODUCT_NAME = "$(TARGET_NAME)";
				SWIFT_VERSION = 5.0;
				TARGETED_DEVICE_FAMILY = "1,2";
				TEST_HOST = "$(BUILT_PRODUCTS_DIR)/miCardAnimation.app/miCardAnimation";
			};
			name = Release;
		};
		F962B792256F599100E42CE3 /* Debug */ = {
			isa = XCBuildConfiguration;
			baseConfigurationReference = FCD86C159A74F0176B95EB22 /* Pods-miCardAnimation-miCardAnimationUITests.debug.xcconfig */;
			buildSettings = {
				ALWAYS_EMBED_SWIFT_STANDARD_LIBRARIES = YES;
				CODE_SIGN_STYLE = Automatic;
				DEVELOPMENT_TEAM = 7YRP2N79T8;
				INFOPLIST_FILE = miCardAnimationUITests/Info.plist;
				LD_RUNPATH_SEARCH_PATHS = (
					"$(inherited)",
					"@executable_path/Frameworks",
					"@loader_path/Frameworks",
				);
				PRODUCT_BUNDLE_IDENTIFIER = sara123.miCardAnimationUITests;
				PRODUCT_NAME = "$(TARGET_NAME)";
				SWIFT_VERSION = 5.0;
				TARGETED_DEVICE_FAMILY = "1,2";
				TEST_TARGET_NAME = miCardAnimation;
			};
			name = Debug;
		};
		F962B793256F599100E42CE3 /* Release */ = {
			isa = XCBuildConfiguration;
			baseConfigurationReference = 32F227AF962417072392A493 /* Pods-miCardAnimation-miCardAnimationUITests.release.xcconfig */;
			buildSettings = {
				ALWAYS_EMBED_SWIFT_STANDARD_LIBRARIES = YES;
				CODE_SIGN_STYLE = Automatic;
				DEVELOPMENT_TEAM = 7YRP2N79T8;
				INFOPLIST_FILE = miCardAnimationUITests/Info.plist;
				LD_RUNPATH_SEARCH_PATHS = (
					"$(inherited)",
					"@executable_path/Frameworks",
					"@loader_path/Frameworks",
				);
				PRODUCT_BUNDLE_IDENTIFIER = sara123.miCardAnimationUITests;
				PRODUCT_NAME = "$(TARGET_NAME)";
				SWIFT_VERSION = 5.0;
				TARGETED_DEVICE_FAMILY = "1,2";
				TEST_TARGET_NAME = miCardAnimation;
			};
			name = Release;
		};
/* End XCBuildConfiguration section */

/* Begin XCConfigurationList section */
		F962B75C256F598F00E42CE3 /* Build configuration list for PBXProject "miCardAnimation" */ = {
			isa = XCConfigurationList;
			buildConfigurations = (
				F962B789256F599100E42CE3 /* Debug */,
				F962B78A256F599100E42CE3 /* Release */,
			);
			defaultConfigurationIsVisible = 0;
			defaultConfigurationName = Release;
		};
		F962B78B256F599100E42CE3 /* Build configuration list for PBXNativeTarget "miCardAnimation" */ = {
			isa = XCConfigurationList;
			buildConfigurations = (
				F962B78C256F599100E42CE3 /* Debug */,
				F962B78D256F599100E42CE3 /* Release */,
			);
			defaultConfigurationIsVisible = 0;
			defaultConfigurationName = Release;
		};
		F962B78E256F599100E42CE3 /* Build configuration list for PBXNativeTarget "miCardAnimationTests" */ = {
			isa = XCConfigurationList;
			buildConfigurations = (
				F962B78F256F599100E42CE3 /* Debug */,
				F962B790256F599100E42CE3 /* Release */,
			);
			defaultConfigurationIsVisible = 0;
			defaultConfigurationName = Release;
		};
		F962B791256F599100E42CE3 /* Build configuration list for PBXNativeTarget "miCardAnimationUITests" */ = {
			isa = XCConfigurationList;
			buildConfigurations = (
				F962B792256F599100E42CE3 /* Debug */,
				F962B793256F599100E42CE3 /* Release */,
			);
			defaultConfigurationIsVisible = 0;
			defaultConfigurationName = Release;
		};
/* End XCConfigurationList section */
	};
	rootObject = F962B759256F598F00E42CE3 /* Project object */;
}
